// !$*UTF8*$!
{
	archiveVersion = 1;
	classes = {
	};
	objectVersion = 50;
	objects = {

/* Begin PBXBuildFile section */
		603C792B25718835000EB978 /* BenchmarkScore.swift in Sources */ = {isa = PBXBuildFile; fileRef = 603C792A25718835000EB978 /* BenchmarkScore.swift */; };
		603C792C25718835000EB978 /* BenchmarkScore.swift in Sources */ = {isa = PBXBuildFile; fileRef = 603C792A25718835000EB978 /* BenchmarkScore.swift */; };
		605A74ED2571866900726107 /* BenchmarkService.swift in Sources */ = {isa = PBXBuildFile; fileRef = 605A74EC2571866900726107 /* BenchmarkService.swift */; };
		605A74EE2571866900726107 /* BenchmarkService.swift in Sources */ = {isa = PBXBuildFile; fileRef = 605A74EC2571866900726107 /* BenchmarkService.swift */; };
		60A02E2D256E920C00C0E36E /* BenchmarkCalculationPrime.swift in Sources */ = {isa = PBXBuildFile; fileRef = 60A02E2C256E920C00C0E36E /* BenchmarkCalculationPrime.swift */; };
		60A02E2E256E920C00C0E36E /* BenchmarkCalculationPrime.swift in Sources */ = {isa = PBXBuildFile; fileRef = 60A02E2C256E920C00C0E36E /* BenchmarkCalculationPrime.swift */; };
		60A02E34256E940A00C0E36E /* BenchmarkServiceProtocol.swift in Sources */ = {isa = PBXBuildFile; fileRef = 60A02E33256E940A00C0E36E /* BenchmarkServiceProtocol.swift */; };
		60A02E35256E940A00C0E36E /* BenchmarkServiceProtocol.swift in Sources */ = {isa = PBXBuildFile; fileRef = 60A02E33256E940A00C0E36E /* BenchmarkServiceProtocol.swift */; };
		60B8892C256E834C003E93A0 /* BenchmarkApp.swift in Sources */ = {isa = PBXBuildFile; fileRef = 60B88919256E834A003E93A0 /* BenchmarkApp.swift */; };
		60B8892D256E834C003E93A0 /* BenchmarkApp.swift in Sources */ = {isa = PBXBuildFile; fileRef = 60B88919256E834A003E93A0 /* BenchmarkApp.swift */; };
		60B8892E256E834C003E93A0 /* ContentView.swift in Sources */ = {isa = PBXBuildFile; fileRef = 60B8891A256E834A003E93A0 /* ContentView.swift */; };
		60B8892F256E834C003E93A0 /* ContentView.swift in Sources */ = {isa = PBXBuildFile; fileRef = 60B8891A256E834A003E93A0 /* ContentView.swift */; };
		60B88930256E834C003E93A0 /* Assets.xcassets in Resources */ = {isa = PBXBuildFile; fileRef = 60B8891B256E834C003E93A0 /* Assets.xcassets */; };
		60B88931256E834C003E93A0 /* Assets.xcassets in Resources */ = {isa = PBXBuildFile; fileRef = 60B8891B256E834C003E93A0 /* Assets.xcassets */; };
		60B8893D256E8413003E93A0 /* BenchmarkServiceWrapper.swift in Sources */ = {isa = PBXBuildFile; fileRef = 60B8893C256E8413003E93A0 /* BenchmarkServiceWrapper.swift */; };
		60B8893E256E8413003E93A0 /* BenchmarkServiceWrapper.swift in Sources */ = {isa = PBXBuildFile; fileRef = 60B8893C256E8413003E93A0 /* BenchmarkServiceWrapper.swift */; };
/* End PBXBuildFile section */

/* Begin PBXFileReference section */
		603C792A25718835000EB978 /* BenchmarkScore.swift */ = {isa = PBXFileReference; lastKnownFileType = sourcecode.swift; path = BenchmarkScore.swift; sourceTree = "<group>"; };
		605A74EC2571866900726107 /* BenchmarkService.swift */ = {isa = PBXFileReference; lastKnownFileType = sourcecode.swift; path = BenchmarkService.swift; sourceTree = "<group>"; };
		60A02E2C256E920C00C0E36E /* BenchmarkCalculationPrime.swift */ = {isa = PBXFileReference; lastKnownFileType = sourcecode.swift; path = BenchmarkCalculationPrime.swift; sourceTree = "<group>"; };
		60A02E33256E940A00C0E36E /* BenchmarkServiceProtocol.swift */ = {isa = PBXFileReference; lastKnownFileType = sourcecode.swift; path = BenchmarkServiceProtocol.swift; sourceTree = "<group>"; };
		60B88919256E834A003E93A0 /* BenchmarkApp.swift */ = {isa = PBXFileReference; lastKnownFileType = sourcecode.swift; path = BenchmarkApp.swift; sourceTree = "<group>"; };
		60B8891A256E834A003E93A0 /* ContentView.swift */ = {isa = PBXFileReference; lastKnownFileType = sourcecode.swift; path = ContentView.swift; sourceTree = "<group>"; };
		60B8891B256E834C003E93A0 /* Assets.xcassets */ = {isa = PBXFileReference; lastKnownFileType = folder.assetcatalog; path = Assets.xcassets; sourceTree = "<group>"; };
		60B88920256E834C003E93A0 /* Benchmark.app */ = {isa = PBXFileReference; explicitFileType = wrapper.application; includeInIndex = 0; path = Benchmark.app; sourceTree = BUILT_PRODUCTS_DIR; };
		60B88923256E834C003E93A0 /* Info.plist */ = {isa = PBXFileReference; lastKnownFileType = text.plist.xml; path = Info.plist; sourceTree = "<group>"; };
		60B88928256E834C003E93A0 /* Benchmark.app */ = {isa = PBXFileReference; explicitFileType = wrapper.application; includeInIndex = 0; path = Benchmark.app; sourceTree = BUILT_PRODUCTS_DIR; };
		60B8892A256E834C003E93A0 /* Info.plist */ = {isa = PBXFileReference; lastKnownFileType = text.plist.xml; path = Info.plist; sourceTree = "<group>"; };
		60B8892B256E834C003E93A0 /* macOS.entitlements */ = {isa = PBXFileReference; lastKnownFileType = text.plist.entitlements; path = macOS.entitlements; sourceTree = "<group>"; };
		60B8893C256E8413003E93A0 /* BenchmarkServiceWrapper.swift */ = {isa = PBXFileReference; lastKnownFileType = sourcecode.swift; path = BenchmarkServiceWrapper.swift; sourceTree = "<group>"; };
/* End PBXFileReference section */

/* Begin PBXFrameworksBuildPhase section */
		60B8891D256E834C003E93A0 /* Frameworks */ = {
			isa = PBXFrameworksBuildPhase;
			buildActionMask = 2147483647;
			files = (
			);
			runOnlyForDeploymentPostprocessing = 0;
		};
		60B88925256E834C003E93A0 /* Frameworks */ = {
			isa = PBXFrameworksBuildPhase;
			buildActionMask = 2147483647;
			files = (
			);
			runOnlyForDeploymentPostprocessing = 0;
		};
/* End PBXFrameworksBuildPhase section */

/* Begin PBXGroup section */
		605A74E92571863A00726107 /* Prime */ = {
			isa = PBXGroup;
			children = (
				60A02E2C256E920C00C0E36E /* BenchmarkCalculationPrime.swift */,
			);
			path = Prime;
			sourceTree = "<group>";
		};
		60A02E2B256E91E000C0E36E /* Benchmark */ = {
			isa = PBXGroup;
			children = (
				60A02E32256E93FF00C0E36E /* Service */,
			);
			path = Benchmark;
			sourceTree = "<group>";
		};
		60A02E31256E93F800C0E36E /* Base */ = {
			isa = PBXGroup;
			children = (
				60A02E33256E940A00C0E36E /* BenchmarkServiceProtocol.swift */,
				605A74EC2571866900726107 /* BenchmarkService.swift */,
				603C792A25718835000EB978 /* BenchmarkScore.swift */,
			);
			path = Base;
			sourceTree = "<group>";
		};
		60A02E32256E93FF00C0E36E /* Service */ = {
			isa = PBXGroup;
			children = (
				60B8893C256E8413003E93A0 /* BenchmarkServiceWrapper.swift */,
				60A02E31256E93F800C0E36E /* Base */,
				605A74E92571863A00726107 /* Prime */,
			);
			path = Service;
			sourceTree = "<group>";
		};
		60B88913256E834A003E93A0 = {
			isa = PBXGroup;
			children = (
				60B88918256E834A003E93A0 /* Shared */,
				60B88922256E834C003E93A0 /* iOS */,
				60B88929256E834C003E93A0 /* macOS */,
				60B88921256E834C003E93A0 /* Products */,
			);
			sourceTree = "<group>";
		};
		60B88918256E834A003E93A0 /* Shared */ = {
			isa = PBXGroup;
			children = (
				60A02E2B256E91E000C0E36E /* Benchmark */,
				60B88919256E834A003E93A0 /* BenchmarkApp.swift */,
				60B8891A256E834A003E93A0 /* ContentView.swift */,
				60B8891B256E834C003E93A0 /* Assets.xcassets */,
			);
			path = Shared;
			sourceTree = "<group>";
		};
		60B88921256E834C003E93A0 /* Products */ = {
			isa = PBXGroup;
			children = (
				60B88920256E834C003E93A0 /* Benchmark.app */,
				60B88928256E834C003E93A0 /* Benchmark.app */,
			);
			name = Products;
			sourceTree = "<group>";
		};
		60B88922256E834C003E93A0 /* iOS */ = {
			isa = PBXGroup;
			children = (
				60B88923256E834C003E93A0 /* Info.plist */,
			);
			path = iOS;
			sourceTree = "<group>";
		};
		60B88929256E834C003E93A0 /* macOS */ = {
			isa = PBXGroup;
			children = (
				60B8892A256E834C003E93A0 /* Info.plist */,
				60B8892B256E834C003E93A0 /* macOS.entitlements */,
			);
			path = macOS;
			sourceTree = "<group>";
		};
/* End PBXGroup section */

/* Begin PBXNativeTarget section */
		60B8891F256E834C003E93A0 /* Benchmark (iOS) */ = {
			isa = PBXNativeTarget;
			buildConfigurationList = 60B88934256E834C003E93A0 /* Build configuration list for PBXNativeTarget "Benchmark (iOS)" */;
			buildPhases = (
				60B8891C256E834C003E93A0 /* Sources */,
				60B8891D256E834C003E93A0 /* Frameworks */,
				60B8891E256E834C003E93A0 /* Resources */,
			);
			buildRules = (
			);
			dependencies = (
			);
			name = "Benchmark (iOS)";
			productName = "Benchmark (iOS)";
			productReference = 60B88920256E834C003E93A0 /* Benchmark.app */;
			productType = "com.apple.product-type.application";
		};
		60B88927256E834C003E93A0 /* Benchmark (macOS) */ = {
			isa = PBXNativeTarget;
			buildConfigurationList = 60B88937256E834C003E93A0 /* Build configuration list for PBXNativeTarget "Benchmark (macOS)" */;
			buildPhases = (
				60B88924256E834C003E93A0 /* Sources */,
				60B88925256E834C003E93A0 /* Frameworks */,
				60B88926256E834C003E93A0 /* Resources */,
			);
			buildRules = (
			);
			dependencies = (
			);
			name = "Benchmark (macOS)";
			productName = "Benchmark (macOS)";
			productReference = 60B88928256E834C003E93A0 /* Benchmark.app */;
			productType = "com.apple.product-type.application";
		};
/* End PBXNativeTarget section */

/* Begin PBXProject section */
		60B88914256E834A003E93A0 /* Project object */ = {
			isa = PBXProject;
			attributes = {
				LastSwiftUpdateCheck = 1220;
				LastUpgradeCheck = 1220;
				TargetAttributes = {
					60B8891F256E834C003E93A0 = {
						CreatedOnToolsVersion = 12.2;
					};
					60B88927256E834C003E93A0 = {
						CreatedOnToolsVersion = 12.2;
					};
				};
			};
			buildConfigurationList = 60B88917256E834A003E93A0 /* Build configuration list for PBXProject "Benchmark" */;
			compatibilityVersion = "Xcode 9.3";
			developmentRegion = en;
			hasScannedForEncodings = 0;
			knownRegions = (
				en,
				Base,
			);
			mainGroup = 60B88913256E834A003E93A0;
			productRefGroup = 60B88921256E834C003E93A0 /* Products */;
			projectDirPath = "";
			projectRoot = "";
			targets = (
				60B8891F256E834C003E93A0 /* Benchmark (iOS) */,
				60B88927256E834C003E93A0 /* Benchmark (macOS) */,
			);
		};
/* End PBXProject section */

/* Begin PBXResourcesBuildPhase section */
		60B8891E256E834C003E93A0 /* Resources */ = {
			isa = PBXResourcesBuildPhase;
			buildActionMask = 2147483647;
			files = (
				60B88930256E834C003E93A0 /* Assets.xcassets in Resources */,
			);
			runOnlyForDeploymentPostprocessing = 0;
		};
		60B88926256E834C003E93A0 /* Resources */ = {
			isa = PBXResourcesBuildPhase;
			buildActionMask = 2147483647;
			files = (
				60B88931256E834C003E93A0 /* Assets.xcassets in Resources */,
			);
			runOnlyForDeploymentPostprocessing = 0;
		};
/* End PBXResourcesBuildPhase section */

/* Begin PBXSourcesBuildPhase section */
		60B8891C256E834C003E93A0 /* Sources */ = {
			isa = PBXSourcesBuildPhase;
			buildActionMask = 2147483647;
			files = (
				60B8892E256E834C003E93A0 /* ContentView.swift in Sources */,
				60B8893D256E8413003E93A0 /* BenchmarkServiceWrapper.swift in Sources */,
				603C792B25718835000EB978 /* BenchmarkScore.swift in Sources */,
				60B8892C256E834C003E93A0 /* BenchmarkApp.swift in Sources */,
				60A02E2D256E920C00C0E36E /* BenchmarkCalculationPrime.swift in Sources */,
				60A02E34256E940A00C0E36E /* BenchmarkServiceProtocol.swift in Sources */,
				605A74ED2571866900726107 /* BenchmarkService.swift in Sources */,
			);
			runOnlyForDeploymentPostprocessing = 0;
		};
		60B88924256E834C003E93A0 /* Sources */ = {
			isa = PBXSourcesBuildPhase;
			buildActionMask = 2147483647;
			files = (
				60B8892F256E834C003E93A0 /* ContentView.swift in Sources */,
				60B8893E256E8413003E93A0 /* BenchmarkServiceWrapper.swift in Sources */,
				603C792C25718835000EB978 /* BenchmarkScore.swift in Sources */,
				60B8892D256E834C003E93A0 /* BenchmarkApp.swift in Sources */,
				60A02E2E256E920C00C0E36E /* BenchmarkCalculationPrime.swift in Sources */,
				60A02E35256E940A00C0E36E /* BenchmarkServiceProtocol.swift in Sources */,
				605A74EE2571866900726107 /* BenchmarkService.swift in Sources */,
			);
			runOnlyForDeploymentPostprocessing = 0;
		};
/* End PBXSourcesBuildPhase section */

/* Begin XCBuildConfiguration section */
		60B88932256E834C003E93A0 /* Debug */ = {
			isa = XCBuildConfiguration;
			buildSettings = {
				ALWAYS_SEARCH_USER_PATHS = NO;
				CLANG_ANALYZER_NONNULL = YES;
				CLANG_ANALYZER_NUMBER_OBJECT_CONVERSION = YES_AGGRESSIVE;
				CLANG_CXX_LANGUAGE_STANDARD = "gnu++14";
				CLANG_CXX_LIBRARY = "libc++";
				CLANG_ENABLE_MODULES = YES;
				CLANG_ENABLE_OBJC_ARC = YES;
				CLANG_ENABLE_OBJC_WEAK = YES;
				CLANG_WARN_BLOCK_CAPTURE_AUTORELEASING = YES;
				CLANG_WARN_BOOL_CONVERSION = YES;
				CLANG_WARN_COMMA = YES;
				CLANG_WARN_CONSTANT_CONVERSION = YES;
				CLANG_WARN_DEPRECATED_OBJC_IMPLEMENTATIONS = YES;
				CLANG_WARN_DIRECT_OBJC_ISA_USAGE = YES_ERROR;
				CLANG_WARN_DOCUMENTATION_COMMENTS = YES;
				CLANG_WARN_EMPTY_BODY = YES;
				CLANG_WARN_ENUM_CONVERSION = YES;
				CLANG_WARN_INFINITE_RECURSION = YES;
				CLANG_WARN_INT_CONVERSION = YES;
				CLANG_WARN_NON_LITERAL_NULL_CONVERSION = YES;
				CLANG_WARN_OBJC_IMPLICIT_RETAIN_SELF = YES;
				CLANG_WARN_OBJC_LITERAL_CONVERSION = YES;
				CLANG_WARN_OBJC_ROOT_CLASS = YES_ERROR;
				CLANG_WARN_QUOTED_INCLUDE_IN_FRAMEWORK_HEADER = YES;
				CLANG_WARN_RANGE_LOOP_ANALYSIS = YES;
				CLANG_WARN_STRICT_PROTOTYPES = YES;
				CLANG_WARN_SUSPICIOUS_MOVE = YES;
				CLANG_WARN_UNGUARDED_AVAILABILITY = YES_AGGRESSIVE;
				CLANG_WARN_UNREACHABLE_CODE = YES;
				CLANG_WARN__DUPLICATE_METHOD_MATCH = YES;
				COPY_PHASE_STRIP = NO;
				DEBUG_INFORMATION_FORMAT = dwarf;
				ENABLE_STRICT_OBJC_MSGSEND = YES;
				ENABLE_TESTABILITY = YES;
				GCC_C_LANGUAGE_STANDARD = gnu11;
				GCC_DYNAMIC_NO_PIC = NO;
				GCC_NO_COMMON_BLOCKS = YES;
				GCC_OPTIMIZATION_LEVEL = 0;
				GCC_PREPROCESSOR_DEFINITIONS = (
					"DEBUG=1",
					"$(inherited)",
				);
				GCC_WARN_64_TO_32_BIT_CONVERSION = YES;
				GCC_WARN_ABOUT_RETURN_TYPE = YES_ERROR;
				GCC_WARN_UNDECLARED_SELECTOR = YES;
				GCC_WARN_UNINITIALIZED_AUTOS = YES_AGGRESSIVE;
				GCC_WARN_UNUSED_FUNCTION = YES;
				GCC_WARN_UNUSED_VARIABLE = YES;
				MTL_ENABLE_DEBUG_INFO = INCLUDE_SOURCE;
				MTL_FAST_MATH = YES;
				ONLY_ACTIVE_ARCH = YES;
				SWIFT_ACTIVE_COMPILATION_CONDITIONS = DEBUG;
				SWIFT_OPTIMIZATION_LEVEL = "-Onone";
			};
			name = Debug;
		};
		60B88933256E834C003E93A0 /* Release */ = {
			isa = XCBuildConfiguration;
			buildSettings = {
				ALWAYS_SEARCH_USER_PATHS = NO;
				CLANG_ANALYZER_NONNULL = YES;
				CLANG_ANALYZER_NUMBER_OBJECT_CONVERSION = YES_AGGRESSIVE;
				CLANG_CXX_LANGUAGE_STANDARD = "gnu++14";
				CLANG_CXX_LIBRARY = "libc++";
				CLANG_ENABLE_MODULES = YES;
				CLANG_ENABLE_OBJC_ARC = YES;
				CLANG_ENABLE_OBJC_WEAK = YES;
				CLANG_WARN_BLOCK_CAPTURE_AUTORELEASING = YES;
				CLANG_WARN_BOOL_CONVERSION = YES;
				CLANG_WARN_COMMA = YES;
				CLANG_WARN_CONSTANT_CONVERSION = YES;
				CLANG_WARN_DEPRECATED_OBJC_IMPLEMENTATIONS = YES;
				CLANG_WARN_DIRECT_OBJC_ISA_USAGE = YES_ERROR;
				CLANG_WARN_DOCUMENTATION_COMMENTS = YES;
				CLANG_WARN_EMPTY_BODY = YES;
				CLANG_WARN_ENUM_CONVERSION = YES;
				CLANG_WARN_INFINITE_RECURSION = YES;
				CLANG_WARN_INT_CONVERSION = YES;
				CLANG_WARN_NON_LITERAL_NULL_CONVERSION = YES;
				CLANG_WARN_OBJC_IMPLICIT_RETAIN_SELF = YES;
				CLANG_WARN_OBJC_LITERAL_CONVERSION = YES;
				CLANG_WARN_OBJC_ROOT_CLASS = YES_ERROR;
				CLANG_WARN_QUOTED_INCLUDE_IN_FRAMEWORK_HEADER = YES;
				CLANG_WARN_RANGE_LOOP_ANALYSIS = YES;
				CLANG_WARN_STRICT_PROTOTYPES = YES;
				CLANG_WARN_SUSPICIOUS_MOVE = YES;
				CLANG_WARN_UNGUARDED_AVAILABILITY = YES_AGGRESSIVE;
				CLANG_WARN_UNREACHABLE_CODE = YES;
				CLANG_WARN__DUPLICATE_METHOD_MATCH = YES;
				COPY_PHASE_STRIP = NO;
				DEBUG_INFORMATION_FORMAT = "dwarf-with-dsym";
				ENABLE_NS_ASSERTIONS = NO;
				ENABLE_STRICT_OBJC_MSGSEND = YES;
				GCC_C_LANGUAGE_STANDARD = gnu11;
				GCC_NO_COMMON_BLOCKS = YES;
				GCC_WARN_64_TO_32_BIT_CONVERSION = YES;
				GCC_WARN_ABOUT_RETURN_TYPE = YES_ERROR;
				GCC_WARN_UNDECLARED_SELECTOR = YES;
				GCC_WARN_UNINITIALIZED_AUTOS = YES_AGGRESSIVE;
				GCC_WARN_UNUSED_FUNCTION = YES;
				GCC_WARN_UNUSED_VARIABLE = YES;
				MTL_ENABLE_DEBUG_INFO = NO;
				MTL_FAST_MATH = YES;
				SWIFT_COMPILATION_MODE = wholemodule;
				SWIFT_OPTIMIZATION_LEVEL = "-O";
			};
			name = Release;
		};
		60B88935256E834C003E93A0 /* Debug */ = {
			isa = XCBuildConfiguration;
			buildSettings = {
				ASSETCATALOG_COMPILER_APPICON_NAME = AppIcon;
				ASSETCATALOG_COMPILER_GLOBAL_ACCENT_COLOR_NAME = AccentColor;
				CODE_SIGN_STYLE = Automatic;
				DEVELOPMENT_TEAM = JL49JUQVB9;
				ENABLE_PREVIEWS = YES;
				INFOPLIST_FILE = iOS/Info.plist;
				IPHONEOS_DEPLOYMENT_TARGET = 14.0;
				LD_RUNPATH_SEARCH_PATHS = (
					"$(inherited)",
					"@executable_path/Frameworks",
				);
				PRODUCT_BUNDLE_IDENTIFIER = eu.biren.benchmark.Benchmark;
				PRODUCT_NAME = Benchmark;
				SDKROOT = iphoneos;
				SWIFT_VERSION = 5.0;
				TARGETED_DEVICE_FAMILY = "1,2";
			};
			name = Debug;
		};
		60B88936256E834C003E93A0 /* Release */ = {
			isa = XCBuildConfiguration;
			buildSettings = {
				ASSETCATALOG_COMPILER_APPICON_NAME = AppIcon;
				ASSETCATALOG_COMPILER_GLOBAL_ACCENT_COLOR_NAME = AccentColor;
				CODE_SIGN_STYLE = Automatic;
				DEVELOPMENT_TEAM = JL49JUQVB9;
				ENABLE_PREVIEWS = YES;
				INFOPLIST_FILE = iOS/Info.plist;
				IPHONEOS_DEPLOYMENT_TARGET = 14.0;
				LD_RUNPATH_SEARCH_PATHS = (
					"$(inherited)",
					"@executable_path/Frameworks",
				);
				PRODUCT_BUNDLE_IDENTIFIER = eu.biren.benchmark.Benchmark;
				PRODUCT_NAME = Benchmark;
				SDKROOT = iphoneos;
				SWIFT_VERSION = 5.0;
				TARGETED_DEVICE_FAMILY = "1,2";
				VALIDATE_PRODUCT = YES;
			};
			name = Release;
		};
		60B88938256E834C003E93A0 /* Debug */ = {
			isa = XCBuildConfiguration;
			buildSettings = {
				ASSETCATALOG_COMPILER_APPICON_NAME = AppIcon;
				ASSETCATALOG_COMPILER_GLOBAL_ACCENT_COLOR_NAME = AccentColor;
				CODE_SIGN_ENTITLEMENTS = macOS/macOS.entitlements;
				CODE_SIGN_STYLE = Automatic;
				COMBINE_HIDPI_IMAGES = YES;
				DEVELOPMENT_TEAM = JL49JUQVB9;
				ENABLE_HARDENED_RUNTIME = YES;
				ENABLE_PREVIEWS = YES;
				INFOPLIST_FILE = macOS/Info.plist;
				LD_RUNPATH_SEARCH_PATHS = (
					"$(inherited)",
					"@executable_path/../Frameworks",
				);
				MACOSX_DEPLOYMENT_TARGET = 11.0;
				PRODUCT_BUNDLE_IDENTIFIER = eu.biren.benchmark.Benchmark;
				PRODUCT_NAME = Benchmark;
				SDKROOT = macosx;
				SWIFT_VERSION = 5.0;
			};
			name = Debug;
		};
		60B88939256E834C003E93A0 /* Release */ = {
			isa = XCBuildConfiguration;
			buildSettings = {
				ASSETCATALOG_COMPILER_APPICON_NAME = AppIcon;
				ASSETCATALOG_COMPILER_GLOBAL_ACCENT_COLOR_NAME = AccentColor;
				CODE_SIGN_ENTITLEMENTS = macOS/macOS.entitlements;
				CODE_SIGN_STYLE = Automatic;
				COMBINE_HIDPI_IMAGES = YES;
				DEVELOPMENT_TEAM = JL49JUQVB9;
				ENABLE_HARDENED_RUNTIME = YES;
				ENABLE_PREVIEWS = YES;
				INFOPLIST_FILE = macOS/Info.plist;
				LD_RUNPATH_SEARCH_PATHS = (
					"$(inherited)",
					"@executable_path/../Frameworks",
				);
				MACOSX_DEPLOYMENT_TARGET = 11.0;
				PRODUCT_BUNDLE_IDENTIFIER = eu.biren.benchmark.Benchmark;
				PRODUCT_NAME = Benchmark;
				SDKROOT = macosx;
				SWIFT_VERSION = 5.0;
			};
			name = Release;
		};
/* End XCBuildConfiguration section */

/* Begin XCConfigurationList section */
		60B88917256E834A003E93A0 /* Build configuration list for PBXProject "Benchmark" */ = {
			isa = XCConfigurationList;
			buildConfigurations = (
				60B88932256E834C003E93A0 /* Debug */,
				60B88933256E834C003E93A0 /* Release */,
			);
			defaultConfigurationIsVisible = 0;
			defaultConfigurationName = Release;
		};
		60B88934256E834C003E93A0 /* Build configuration list for PBXNativeTarget "Benchmark (iOS)" */ = {
			isa = XCConfigurationList;
			buildConfigurations = (
				60B88935256E834C003E93A0 /* Debug */,
				60B88936256E834C003E93A0 /* Release */,
			);
			defaultConfigurationIsVisible = 0;
			defaultConfigurationName = Release;
		};
		60B88937256E834C003E93A0 /* Build configuration list for PBXNativeTarget "Benchmark (macOS)" */ = {
			isa = XCConfigurationList;
			buildConfigurations = (
				60B88938256E834C003E93A0 /* Debug */,
				60B88939256E834C003E93A0 /* Release */,
			);
			defaultConfigurationIsVisible = 0;
			defaultConfigurationName = Release;
		};
/* End XCConfigurationList section */
	};
	rootObject = 60B88914256E834A003E93A0 /* Project object */;
}
