{
  "object": {
    "pins": [
      {
        "package": "BenchmarkWrapper",
        "repositoryURL": "https://github.com/biren9/benchmarkWrapper.git",
        "state": {
          "branch": "main",
          "revision": "a48db875eed431cdb33e57787db0a79752e048fa",
          "version": null
        }
      }
    ]
  },
  "version": 1
}
