{
  "object": {
    "pins": [
      {
        "package": "BenchmarkWrapper",
        "repositoryURL": "https://github.com/biren9/benchmarkWrapper.git",
        "state": {
          "branch": "main",
          "revision": "8acb94a6f375b490716b092b1f8d8b73f2bdddda",
          "version": null
        }
      }
    ]
  },
  "version": 1
}
